
Microsoft Visual Studio Solution File, Format Version 12.00
# Visual Studio Version 16
VisualStudioVersion = 16.0.31702.278
MinimumVisualStudioVersion = 10.0.40219.1
Project("{8BC9CEB8-8B4A-11D0-8D11-00A0C91BC942}") = "DirectXTex", "DirectXTex\DirectXTex\DirectXTex_Desktop_2019_Win10.vcxproj", "{371B9FA9-4C90-4AC6-A123-ACED756D6C77}"
EndProject
Project("{2150E333-8FDC-42A3-9474-1A3956D46DE8}") = "Unmanaged", "Unmanaged", "{1F8E87F1-76AE-4DCB-A1BB-74FE5813D5B8}"
EndProject
Project("{2150E333-8FDC-42A3-9474-1A3956D46DE8}") = "Managed", "Managed", "{71A6EC7C-FD31-45E6-AAA0-876738EFC278}"
EndProject
Project("{2150E333-8FDC-42A3-9474-1A3956D46DE8}") = "SolutionItems", "SolutionItems", "{28C428FE-0FA1-46EE-9FB5-397A48B195F2}"
	ProjectSection(SolutionItems) = preProject
		README.md = README.md
	EndProjectSection
EndProject
Project("{8BC9CEB8-8B4A-11D0-8D11-00A0C91BC942}") = "DirectXTexSharp", "DirectXTexSharp\DirectXTexSharp_2019.vcxproj", "{44FFFFA9-F1E3-473E-AD4A-7BF36A4E19B8}"
EndProject
Project("{9A19103F-16F7-4668-BE54-9A1E7A4F7556}") = "Tests_2019", "Tests\Tests_2019.csproj", "{96EA0908-0F67-4F03-A7FB-8AED1DBD13AD}"
EndProject
Global
	GlobalSection(SolutionConfigurationPlatforms) = preSolution
		Debug|x64 = Debug|x64
		Debug|x86 = Debug|x86
		Profile|x64 = Profile|x64
		Profile|x86 = Profile|x86
		Release|x64 = Release|x64
		Release|x86 = Release|x86
	EndGlobalSection
	GlobalSection(ProjectConfigurationPlatforms) = postSolution
		{371B9FA9-4C90-4AC6-A123-ACED756D6C77}.Debug|x64.ActiveCfg = Debug|x64
		{371B9FA9-4C90-4AC6-A123-ACED756D6C77}.Debug|x64.Build.0 = Debug|x64
		{371B9FA9-4C90-4AC6-A123-ACED756D6C77}.Debug|x86.ActiveCfg = Debug|Win32
		{371B9FA9-4C90-4AC6-A123-ACED756D6C77}.Debug|x86.Build.0 = Debug|Win32
		{371B9FA9-4C90-4AC6-A123-ACED756D6C77}.Profile|x64.ActiveCfg = Profile|x64
		{371B9FA9-4C90-4AC6-A123-ACED756D6C77}.Profile|x64.Build.0 = Profile|x64
		{371B9FA9-4C90-4AC6-A123-ACED756D6C77}.Profile|x86.ActiveCfg = Profile|Win32
		{371B9FA9-4C90-4AC6-A123-ACED756D6C77}.Profile|x86.Build.0 = Profile|Win32
		{371B9FA9-4C90-4AC6-A123-ACED756D6C77}.Release|x64.ActiveCfg = Release|x64
		{371B9FA9-4C90-4AC6-A123-ACED756D6C77}.Release|x64.Build.0 = Release|x64
		{371B9FA9-4C90-4AC6-A123-ACED756D6C77}.Release|x86.ActiveCfg = Release|Win32
		{371B9FA9-4C90-4AC6-A123-ACED756D6C77}.Release|x86.Build.0 = Release|Win32
		{44FFFFA9-F1E3-473E-AD4A-7BF36A4E19B8}.Debug|x64.ActiveCfg = Debug|x64
		{44FFFFA9-F1E3-473E-AD4A-7BF36A4E19B8}.Debug|x64.Build.0 = Debug|x64
		{44FFFFA9-F1E3-473E-AD4A-7BF36A4E19B8}.Debug|x86.ActiveCfg = Debug|Win32
		{44FFFFA9-F1E3-473E-AD4A-7BF36A4E19B8}.Debug|x86.Build.0 = Debug|Win32
		{44FFFFA9-F1E3-473E-AD4A-7BF36A4E19B8}.Profile|x64.ActiveCfg = Debug|x64
		{44FFFFA9-F1E3-473E-AD4A-7BF36A4E19B8}.Profile|x64.Build.0 = Debug|x64
		{44FFFFA9-F1E3-473E-AD4A-7BF36A4E19B8}.Profile|x86.ActiveCfg = Debug|Win32
		{44FFFFA9-F1E3-473E-AD4A-7BF36A4E19B8}.Profile|x86.Build.0 = Debug|Win32
		{44FFFFA9-F1E3-473E-AD4A-7BF36A4E19B8}.Release|x64.ActiveCfg = Release|x64
		{44FFFFA9-F1E3-473E-AD4A-7BF36A4E19B8}.Release|x64.Build.0 = Release|x64
		{44FFFFA9-F1E3-473E-AD4A-7BF36A4E19B8}.Release|x86.ActiveCfg = Release|Win32
		{44FFFFA9-F1E3-473E-AD4A-7BF36A4E19B8}.Release|x86.Build.0 = Release|Win32
		{96EA0908-0F67-4F03-A7FB-8AED1DBD13AD}.Debug|x64.ActiveCfg = Debug|x64
		{96EA0908-0F67-4F03-A7FB-8AED1DBD13AD}.Debug|x64.Build.0 = Debug|x64
		{96EA0908-0F67-4F03-A7FB-8AED1DBD13AD}.Debug|x86.ActiveCfg = Debug|x86
		{96EA0908-0F67-4F03-A7FB-8AED1DBD13AD}.Debug|x86.Build.0 = Debug|x86
		{96EA0908-0F67-4F03-A7FB-8AED1DBD13AD}.Profile|x64.ActiveCfg = Debug|x64
		{96EA0908-0F67-4F03-A7FB-8AED1DBD13AD}.Profile|x64.Build.0 = Debug|x64
		{96EA0908-0F67-4F03-A7FB-8AED1DBD13AD}.Profile|x86.ActiveCfg = Debug|x86
		{96EA0908-0F67-4F03-A7FB-8AED1DBD13AD}.Profile|x86.Build.0 = Debug|x86
		{96EA0908-0F67-4F03-A7FB-8AED1DBD13AD}.Release|x64.ActiveCfg = Release|x64
		{96EA0908-0F67-4F03-A7FB-8AED1DBD13AD}.Release|x64.Build.0 = Release|x64
		{96EA0908-0F67-4F03-A7FB-8AED1DBD13AD}.Release|x86.ActiveCfg = Release|x86
		{96EA0908-0F67-4F03-A7FB-8AED1DBD13AD}.Release|x86.Build.0 = Release|x86
	EndGlobalSection
	GlobalSection(SolutionProperties) = preSolution
		HideSolutionNode = FALSE
	EndGlobalSection
	GlobalSection(NestedProjects) = preSolution
		{371B9FA9-4C90-4AC6-A123-ACED756D6C77} = {1F8E87F1-76AE-4DCB-A1BB-74FE5813D5B8}
		{44FFFFA9-F1E3-473E-AD4A-7BF36A4E19B8} = {71A6EC7C-FD31-45E6-AAA0-876738EFC278}
	EndGlobalSection
	GlobalSection(ExtensibilityGlobals) = postSolution
		SolutionGuid = {9B7B3C52-1D09-452F-983A-D3E2B94D4DAD}
	EndGlobalSection
EndGlobal
